<?xml version="1.0" encoding="UTF-8"?>
<!DOCTYPE plist PUBLIC "-//Apple//DTD PLIST 1.0//EN" "http://www.apple.com/DTDs/PropertyList-1.0.dtd">
<plist version="1.0">
<dict>
	<key>archiveVersion</key>
	<string>1</string>
	<key>classes</key>
	<dict/>
	<key>objectVersion</key>
	<string>46</string>
	<key>objects</key>
	<dict>
		<key>020CC0055CD6E5FF84D28239</key>
		<dict>
			<key>fileEncoding</key>
			<string>4</string>
			<key>isa</key>
			<string>PBXFileReference</string>
			<key>lastKnownFileType</key>
			<string>archive.ar</string>
			<key>name</key>
			<string>libc++.tbd</string>
			<key>path</key>
			<string>usr/lib/libc++.tbd</string>
			<key>sourceTree</key>
			<string>SDKROOT</string>
		</dict>
		<key>034BF53318B2EAED0074D5B7</key>
		<dict>
			<key>children</key>
			<array>
				<string>034BF54118B2EAED0074D5B7</string>
				<string>3C1AD5891BD5F39A0091D2A1</string>
				<string>034BF53E18B2EAED0074D5B7</string>
				<string>54115FB78DE8A8F9C7060899</string>
				<string>962BA9D5E9CBEBAF9AD7E434</string>
				<string>2616F083DA5C3B3D5AF223C3</string>
				<string>034BF53D18B2EAED0074D5B7</string>
			</array>
			<key>isa</key>
			<string>PBXGroup</string>
			<key>sourceTree</key>
			<string>&lt;group&gt;</string>
		</dict>
		<key>034BF53418B2EAED0074D5B7</key>
		<dict>
			<key>attributes</key>
			<dict>
				<key>LastUpgradeCheck</key>
				<string>0730</string>
				<key>ORGANIZATIONNAME</key>
				<string>zhengcuan</string>
				<key>TargetAttributes</key>
				<dict>
					<key>3C1AD5871BD5F39A0091D2A1</key>
					<dict>
						<key>CreatedOnToolsVersion</key>
						<string>7.0.1</string>
					</dict>
				</dict>
			</dict>
			<key>buildConfigurationList</key>
			<string>034BF53718B2EAED0074D5B7</string>
			<key>compatibilityVersion</key>
			<string>Xcode 3.2</string>
			<key>developmentRegion</key>
			<string>English</string>
			<key>hasScannedForEncodings</key>
			<string>0</string>
			<key>isa</key>
			<string>PBXProject</string>
			<key>knownRegions</key>
			<array>
				<string>en</string>
				<string>zh-Hans</string>
			</array>
			<key>mainGroup</key>
			<string>034BF53318B2EAED0074D5B7</string>
			<key>productRefGroup</key>
			<string>034BF53D18B2EAED0074D5B7</string>
			<key>projectDirPath</key>
			<string></string>
			<key>projectRoot</key>
			<string></string>
			<key>targets</key>
			<array>
				<string>034BF53B18B2EAED0074D5B7</string>
				<string>3C1AD5871BD5F39A0091D2A1</string>
			</array>
		</dict>
		<key>034BF53718B2EAED0074D5B7</key>
		<dict>
			<key>buildConfigurations</key>
			<array>
				<string>034BF55D18B2EAED0074D5B7</string>
				<string>034BF55E18B2EAED0074D5B7</string>
			</array>
			<key>defaultConfigurationIsVisible</key>
			<string>0</string>
			<key>defaultConfigurationName</key>
			<string>Release</string>
			<key>isa</key>
			<string>XCConfigurationList</string>
		</dict>
		<key>034BF53818B2EAED0074D5B7</key>
		<dict>
			<key>buildActionMask</key>
			<string>2147483647</string>
			<key>files</key>
			<array>
				<string>42F7EF4E1CEEC748009F14AF</string>
				<string>42F7EF571CEECA04009F14AF</string>
				<string>42F7EF6A1CEEDCA8009F14AF</string>
				<string>42C67DD51CF2CF5400D2DF23</string>
				<string>42F7EF6D1CEEE4A4009F14AF</string>
				<string>42F7EF511CEEC77C009F14AF</string>
				<string>42F7EF701CEEE4D3009F14AF</string>
			</array>
			<key>isa</key>
			<string>PBXSourcesBuildPhase</string>
			<key>runOnlyForDeploymentPostprocessing</key>
			<string>0</string>
		</dict>
		<key>034BF53918B2EAED0074D5B7</key>
		<dict>
			<key>buildActionMask</key>
			<string>2147483647</string>
			<key>files</key>
			<array>
				<string>034BF54018B2EAED0074D5B7</string>
				<string>42F7EF7E1CEEE9F9009F14AF</string>
				<string>F37543A6CBA567384EEFF418</string>
				<string>0D966BBACEE1466D7C6C6822</string>
				<string>43D69371350159EAC465BE84</string>
				<string>24940B2BF36265842A465410</string>
				<string>F17DF539600E0062A392BC10</string>
				<string>417877FFD7891534B107B3DF</string>
				<string>3D42DB7A0ECD23B33A197D01</string>
				<string>39B9BAC6BAC06621187BF7AA</string>
				<string>1A42C222652A4BD6D8C9804B</string>
				<string>56AB9787098411EBBDB48628</string>
				<string>5CD6A567D6ABF9AE86ED0B0C</string>
				<string>339E520A3B62909B4373D0E9</string>
				<string>362B757A6A1B9BD036C95FBE</string>
				<string>E17CC03C0A6AFE4ECA9BCE02</string>
			</array>
			<key>isa</key>
			<string>PBXFrameworksBuildPhase</string>
			<key>runOnlyForDeploymentPostprocessing</key>
			<string>0</string>
		</dict>
		<key>034BF53A18B2EAED0074D5B7</key>
		<dict>
			<key>buildActionMask</key>
			<string>2147483647</string>
			<key>dstPath</key>
			<string></string>
			<key>dstSubfolderSpec</key>
			<string>16</string>
			<key>files</key>
			<array>
				<string>42C67DD61CF2ED2E00D2DF23</string>
			</array>
			<key>isa</key>
			<string>PBXCopyFilesBuildPhase</string>
			<key>runOnlyForDeploymentPostprocessing</key>
			<string>0</string>
		</dict>
		<key>034BF53B18B2EAED0074D5B7</key>
		<dict>
			<key>buildConfigurationList</key>
			<string>034BF55F18B2EAED0074D5B7</string>
			<key>buildPhases</key>
			<array>
				<string>034BF53818B2EAED0074D5B7</string>
				<string>034BF53918B2EAED0074D5B7</string>
				<string>F5B93E2B148F678C962F8D8A</string>
			</array>
			<key>buildRules</key>
			<array/>
			<key>dependencies</key>
			<array>
				<string>3C1AD58F1BD5F3CE0091D2A1</string>
			</array>
			<key>isa</key>
			<string>PBXNativeTarget</string>
			<key>name</key>
			<string>EUExXmlHttpMgr</string>
			<key>productName</key>
			<string>EUExXmlHttpMgr</string>
			<key>productReference</key>
			<string>034BF53C18B2EAED0074D5B7</string>
			<key>productType</key>
			<string>com.apple.product-type.framework</string>
		</dict>
		<key>034BF53C18B2EAED0074D5B7</key>
		<dict>
			<key>explicitFileType</key>
			<string>archive.ar</string>
			<key>includeInIndex</key>
			<string>0</string>
			<key>isa</key>
			<string>PBXFileReference</string>
			<key>name</key>
			<string>uexXmlHttpMgr.framework</string>
			<key>path</key>
			<string>uexXmlHttpMgr.framework</string>
			<key>sourceTree</key>
			<string>BUILT_PRODUCTS_DIR</string>
		</dict>
		<key>034BF53D18B2EAED0074D5B7</key>
		<dict>
			<key>children</key>
			<array>
				<string>034BF53C18B2EAED0074D5B7</string>
				<string>3C1AD5881BD5F39A0091D2A1</string>
			</array>
			<key>isa</key>
			<string>PBXGroup</string>
			<key>name</key>
			<string>Products</string>
			<key>sourceTree</key>
			<string>&lt;group&gt;</string>
		</dict>
		<key>034BF53E18B2EAED0074D5B7</key>
		<dict>
			<key>children</key>
			<array>
				<string>034BF53F18B2EAED0074D5B7</string>
			</array>
			<key>isa</key>
			<string>PBXGroup</string>
			<key>name</key>
			<string>Frameworks</string>
			<key>sourceTree</key>
			<string>&lt;group&gt;</string>
		</dict>
		<key>034BF53F18B2EAED0074D5B7</key>
		<dict>
			<key>isa</key>
			<string>PBXFileReference</string>
			<key>lastKnownFileType</key>
			<string>wrapper.framework</string>
			<key>name</key>
			<string>Foundation.framework</string>
			<key>path</key>
			<string>System/Library/Frameworks/Foundation.framework</string>
			<key>sourceTree</key>
			<string>SDKROOT</string>
		</dict>
		<key>034BF54018B2EAED0074D5B7</key>
		<dict>
			<key>fileRef</key>
			<string>034BF53F18B2EAED0074D5B7</string>
			<key>isa</key>
			<string>PBXBuildFile</string>
		</dict>
		<key>034BF54118B2EAED0074D5B7</key>
		<dict>
			<key>children</key>
			<array>
				<string>4229D9A41D06B279003F7E51</string>
				<string>42F7EF0D1CEEC719009F14AF</string>
				<string>42F7EF181CEEC719009F14AF</string>
				<string>034BF54218B2EAED0074D5B7</string>
				<string>42F7EF4C1CEEC748009F14AF</string>
				<string>42F7EF4D1CEEC748009F14AF</string>
			</array>
			<key>isa</key>
			<string>PBXGroup</string>
			<key>path</key>
			<string>EUExXmlHttpMgr</string>
			<key>sourceTree</key>
			<string>&lt;group&gt;</string>
		</dict>
		<key>034BF54218B2EAED0074D5B7</key>
		<dict>
			<key>children</key>
			<array>
				<string>034BF54318B2EAED0074D5B7</string>
			</array>
			<key>isa</key>
			<string>PBXGroup</string>
			<key>name</key>
			<string>Supporting Files</string>
			<key>sourceTree</key>
			<string>&lt;group&gt;</string>
		</dict>
		<key>034BF54318B2EAED0074D5B7</key>
		<dict>
			<key>isa</key>
			<string>PBXFileReference</string>
			<key>lastKnownFileType</key>
			<string>sourcecode.c.h</string>
			<key>path</key>
			<string>EUExXmlHttpMgr-Prefix.pch</string>
			<key>sourceTree</key>
			<string>&lt;group&gt;</string>
		</dict>
		<key>034BF55D18B2EAED0074D5B7</key>
		<dict>
			<key>buildSettings</key>
			<dict>
				<key>ALWAYS_SEARCH_USER_PATHS</key>
				<string>NO</string>
				<key>ARCHS</key>
				<string>$(ARCHS_STANDARD)</string>
				<key>CLANG_CXX_LANGUAGE_STANDARD</key>
				<string>gnu++0x</string>
				<key>CLANG_CXX_LIBRARY</key>
				<string>libc++</string>
				<key>CLANG_ENABLE_MODULES</key>
				<string>YES</string>
				<key>CLANG_ENABLE_OBJC_ARC</key>
				<string>YES</string>
				<key>CLANG_WARN_BOOL_CONVERSION</key>
				<string>YES</string>
				<key>CLANG_WARN_CONSTANT_CONVERSION</key>
				<string>YES</string>
				<key>CLANG_WARN_DIRECT_OBJC_ISA_USAGE</key>
				<string>YES_ERROR</string>
				<key>CLANG_WARN_EMPTY_BODY</key>
				<string>YES</string>
				<key>CLANG_WARN_ENUM_CONVERSION</key>
				<string>YES</string>
				<key>CLANG_WARN_INT_CONVERSION</key>
				<string>YES</string>
				<key>CLANG_WARN_OBJC_ROOT_CLASS</key>
				<string>YES_ERROR</string>
				<key>CLANG_WARN__DUPLICATE_METHOD_MATCH</key>
				<string>YES</string>
				<key>CONFIGURATION_BUILD_DIR</key>
				<string>$(SRCROOT)/uexXmlHttpMgr</string>
				<key>COPY_PHASE_STRIP</key>
				<string>NO</string>
				<key>DEBUG_INFORMATION_FORMAT</key>
				<string>dwarf</string>
				<key>GCC_C_LANGUAGE_STANDARD</key>
				<string>gnu99</string>
				<key>GCC_DYNAMIC_NO_PIC</key>
				<string>NO</string>
				<key>GCC_OPTIMIZATION_LEVEL</key>
				<string>0</string>
				<key>GCC_PREPROCESSOR_DEFINITIONS</key>
				<array>
					<string>DEBUG=1</string>
					<string>$(inherited)</string>
				</array>
				<key>GCC_SYMBOLS_PRIVATE_EXTERN</key>
				<string>NO</string>
				<key>GCC_WARN_64_TO_32_BIT_CONVERSION</key>
				<string>YES</string>
				<key>GCC_WARN_ABOUT_RETURN_TYPE</key>
				<string>YES_ERROR</string>
				<key>GCC_WARN_UNDECLARED_SELECTOR</key>
				<string>YES</string>
				<key>GCC_WARN_UNINITIALIZED_AUTOS</key>
				<string>YES</string>
				<key>GCC_WARN_UNUSED_FUNCTION</key>
				<string>YES</string>
				<key>GCC_WARN_UNUSED_VARIABLE</key>
				<string>YES</string>
				<key>IPHONEOS_DEPLOYMENT_TARGET</key>
				<string>8.0</string>
				<key>ONLY_ACTIVE_ARCH</key>
				<string>NO</string>
				<key>SDKROOT</key>
				<string>iphoneos</string>
				<key>TARGETED_DEVICE_FAMILY</key>
				<string>1,2</string>
			</dict>
			<key>isa</key>
			<string>XCBuildConfiguration</string>
			<key>name</key>
			<string>Debug</string>
		</dict>
		<key>034BF55E18B2EAED0074D5B7</key>
		<dict>
			<key>buildSettings</key>
			<dict>
				<key>ALWAYS_SEARCH_USER_PATHS</key>
				<string>NO</string>
				<key>ARCHS</key>
				<string>$(ARCHS_STANDARD)</string>
				<key>CLANG_CXX_LANGUAGE_STANDARD</key>
				<string>gnu++0x</string>
				<key>CLANG_CXX_LIBRARY</key>
				<string>libc++</string>
				<key>CLANG_ENABLE_MODULES</key>
				<string>YES</string>
				<key>CLANG_ENABLE_OBJC_ARC</key>
				<string>YES</string>
				<key>CLANG_WARN_BOOL_CONVERSION</key>
				<string>YES</string>
				<key>CLANG_WARN_CONSTANT_CONVERSION</key>
				<string>YES</string>
				<key>CLANG_WARN_DIRECT_OBJC_ISA_USAGE</key>
				<string>YES_ERROR</string>
				<key>CLANG_WARN_EMPTY_BODY</key>
				<string>YES</string>
				<key>CLANG_WARN_ENUM_CONVERSION</key>
				<string>YES</string>
				<key>CLANG_WARN_INT_CONVERSION</key>
				<string>YES</string>
				<key>CLANG_WARN_OBJC_ROOT_CLASS</key>
				<string>YES_ERROR</string>
				<key>CLANG_WARN__DUPLICATE_METHOD_MATCH</key>
				<string>YES</string>
				<key>CONFIGURATION_BUILD_DIR</key>
				<string>$(SRCROOT)/uexXmlHttpMgr</string>
				<key>COPY_PHASE_STRIP</key>
				<string>YES</string>
				<key>DEBUG_INFORMATION_FORMAT</key>
				<string>dwarf</string>
				<key>ENABLE_NS_ASSERTIONS</key>
				<string>NO</string>
				<key>GCC_C_LANGUAGE_STANDARD</key>
				<string>gnu99</string>
				<key>GCC_WARN_64_TO_32_BIT_CONVERSION</key>
				<string>YES</string>
				<key>GCC_WARN_ABOUT_RETURN_TYPE</key>
				<string>YES_ERROR</string>
				<key>GCC_WARN_UNDECLARED_SELECTOR</key>
				<string>YES</string>
				<key>GCC_WARN_UNINITIALIZED_AUTOS</key>
				<string>YES</string>
				<key>GCC_WARN_UNUSED_FUNCTION</key>
				<string>YES</string>
				<key>GCC_WARN_UNUSED_VARIABLE</key>
				<string>YES</string>
				<key>IPHONEOS_DEPLOYMENT_TARGET</key>
				<string>8.0</string>
				<key>ONLY_ACTIVE_ARCH</key>
				<string>NO</string>
				<key>SDKROOT</key>
				<string>iphoneos</string>
				<key>TARGETED_DEVICE_FAMILY</key>
				<string>1,2</string>
				<key>VALIDATE_PRODUCT</key>
				<string>YES</string>
			</dict>
			<key>isa</key>
			<string>XCBuildConfiguration</string>
			<key>name</key>
			<string>Release</string>
		</dict>
		<key>034BF55F18B2EAED0074D5B7</key>
		<dict>
			<key>buildConfigurations</key>
			<array>
				<string>034BF56018B2EAED0074D5B7</string>
				<string>034BF56118B2EAED0074D5B7</string>
			</array>
			<key>defaultConfigurationIsVisible</key>
			<string>0</string>
			<key>defaultConfigurationName</key>
			<string>Release</string>
			<key>isa</key>
			<string>XCConfigurationList</string>
		</dict>
		<key>034BF56018B2EAED0074D5B7</key>
		<dict>
			<key>buildSettings</key>
			<dict>
				<key>ARCHS</key>
				<string>$(ARCHS_STANDARD)</string>
				<key>BUNDLE_IDENTIFIER</key>
				<string>com.zywx.runner</string>
				<key>CLANG_ENABLE_OBJC_ARC</key>
				<string>YES</string>
				<key>CONFIGURATION_BUILD_DIR</key>
				<string>$(SRCROOT)/uexXmlHttpMgr/IDE/</string>
				<key>DEBUG_INFORMATION_FORMAT</key>
				<string>dwarf</string>
				<key>DEFINES_MODULE</key>
				<string>YES</string>
				<key>DSTROOT</key>
				<string>/tmp/EUExXmlHttpMgr.dst</string>
				<key>DYLIB_COMPATIBILITY_VERSION</key>
				<string>1</string>
				<key>DYLIB_CURRENT_VERSION</key>
				<string>1</string>
				<key>DYLIB_INSTALL_NAME_BASE</key>
				<string>@rpath</string>
				<key>ENABLE_BITCODE</key>
				<string>NO</string>
				<key>FRAMEWORK_SEARCH_PATHS</key>
				<array>
					<string>$(inherited)</string>
					<string>$(PROJECT_DIR)/EUExXmlHttpMgr/sourceCode</string>
					<string>$(PROJECT_DIR)/EUExXmlHttpMgr</string>
					<string>$(PROJECT_DIR)</string>
					<string>$(SRCROOT)/../../AppCanPluginTools-iOS/resource/IDEPluginProjectPackageResource</string>
				</array>
				<key>GCC_PRECOMPILE_PREFIX_HEADER</key>
				<string>YES</string>
				<key>GCC_PREFIX_HEADER</key>
				<string>EUExXmlHttpMgr/EUExXmlHttpMgr-Prefix.pch</string>
				<key>HEADER_SEARCH_PATHS</key>
				<array>
					<string>$(SRCROOT)/../../AppCanPluginTools-iOS/resource/IDEPluginProjectPackageResource</string>
				</array>
				<key>INFOPLIST_FILE</key>
				<string>$(SRCROOT)/../../AppCanPluginTools-iOS/resource/IDEPluginProjectPackageResource/info.plist</string>
				<key>INSTALL_PATH</key>
				<string>$(LOCAL_LIBRARY_DIR)/Frameworks</string>
				<key>IPHONEOS_DEPLOYMENT_TARGET</key>
				<string>8.0</string>
				<key>LD_RUNPATH_SEARCH_PATHS</key>
				<array>
					<string>$(inherited)</string>
					<string>@executable_path/Frameworks</string>
					<string>@executable_path</string>
					<string>@loader_path/Frameworks</string>
					<string>@loader_path</string>
				</array>
				<key>LIBRARY_SEARCH_PATHS</key>
				<array>
					<string>$(inherited)</string>
					<string>$(SRCROOT)/../../AppCanPluginTools-iOS/resource/IDEPluginProjectPackageResource</string>
				</array>
				<key>OTHER_LDFLAGS</key>
				<array>
					<string>-ObjC</string>
					<string>$(SRCROOT)/../../AppCanPluginTools-iOS/resource/IDEPluginProjectPackageResource/AppCanKit.framework/AppCanKit</string>
				</array>
				<key>PRODUCT_NAME</key>
				<string>uexXmlHttpMgr</string>
				<key>PROVISIONING_PROFILE</key>
				<string>3046553f-5c0d-4f94-8f3c-dd49ce267880</string>
				<key>SKIP_INSTALL</key>
				<string>YES</string>
			</dict>
			<key>isa</key>
			<string>XCBuildConfiguration</string>
			<key>name</key>
			<string>Debug</string>
		</dict>
		<key>034BF56118B2EAED0074D5B7</key>
		<dict>
			<key>buildSettings</key>
			<dict>
				<key>ARCHS</key>
				<string>$(ARCHS_STANDARD)</string>
				<key>BUNDLE_IDENTIFIER</key>
				<string>com.zywx.runner</string>
				<key>CLANG_ENABLE_OBJC_ARC</key>
				<string>YES</string>
				<key>CONFIGURATION_BUILD_DIR</key>
				<string>$(SRCROOT)/uexXmlHttpMgr/IDE/</string>
				<key>DEBUG_INFORMATION_FORMAT</key>
				<string>dwarf</string>
				<key>DEFINES_MODULE</key>
				<string>YES</string>
				<key>DSTROOT</key>
				<string>/tmp/EUExXmlHttpMgr.dst</string>
				<key>DYLIB_COMPATIBILITY_VERSION</key>
				<string>1</string>
				<key>DYLIB_CURRENT_VERSION</key>
				<string>1</string>
				<key>DYLIB_INSTALL_NAME_BASE</key>
				<string>@rpath</string>
				<key>ENABLE_BITCODE</key>
				<string>NO</string>
				<key>FRAMEWORK_SEARCH_PATHS</key>
				<array>
					<string>$(inherited)</string>
					<string>$(PROJECT_DIR)/EUExXmlHttpMgr/sourceCode</string>
					<string>$(PROJECT_DIR)/EUExXmlHttpMgr</string>
					<string>$(PROJECT_DIR)</string>
					<string>$(SRCROOT)/../../AppCanPluginTools-iOS/resource/IDEPluginProjectPackageResource</string>
				</array>
				<key>GCC_PRECOMPILE_PREFIX_HEADER</key>
				<string>YES</string>
				<key>GCC_PREFIX_HEADER</key>
				<string>EUExXmlHttpMgr/EUExXmlHttpMgr-Prefix.pch</string>
				<key>HEADER_SEARCH_PATHS</key>
				<array>
					<string>$(SRCROOT)/../../AppCanPluginTools-iOS/resource/IDEPluginProjectPackageResource</string>
				</array>
				<key>INFOPLIST_FILE</key>
				<string>$(SRCROOT)/../../AppCanPluginTools-iOS/resource/IDEPluginProjectPackageResource/info.plist</string>
				<key>INSTALL_PATH</key>
				<string>$(LOCAL_LIBRARY_DIR)/Frameworks</string>
				<key>IPHONEOS_DEPLOYMENT_TARGET</key>
				<string>8.0</string>
				<key>LD_RUNPATH_SEARCH_PATHS</key>
				<array>
					<string>$(inherited)</string>
					<string>@executable_path/Frameworks</string>
					<string>@executable_path</string>
					<string>@loader_path/Frameworks</string>
					<string>@loader_path</string>
				</array>
				<key>LIBRARY_SEARCH_PATHS</key>
				<array>
					<string>$(inherited)</string>
					<string>$(SRCROOT)/../../AppCanPluginTools-iOS/resource/IDEPluginProjectPackageResource</string>
				</array>
				<key>OTHER_LDFLAGS</key>
				<array>
					<string>-ObjC</string>
					<string>$(SRCROOT)/../../AppCanPluginTools-iOS/resource/IDEPluginProjectPackageResource/AppCanKit.framework/AppCanKit</string>
				</array>
				<key>PRODUCT_NAME</key>
				<string>uexXmlHttpMgr</string>
				<key>PROVISIONING_PROFILE</key>
				<string>3046553f-5c0d-4f94-8f3c-dd49ce267880</string>
				<key>SKIP_INSTALL</key>
				<string>YES</string>
			</dict>
			<key>isa</key>
			<string>XCBuildConfiguration</string>
			<key>name</key>
			<string>Release</string>
		</dict>
		<key>0633E0A463C73AD813633C47</key>
		<dict>
			<key>fileEncoding</key>
			<string>4</string>
			<key>isa</key>
			<string>PBXFileReference</string>
			<key>lastKnownFileType</key>
			<string>wrapper.framework</string>
			<key>name</key>
			<string>UIKit.framework</string>
			<key>path</key>
			<string>System/Library/Frameworks/UIKit.framework</string>
			<key>sourceTree</key>
			<string>SDKROOT</string>
		</dict>
		<key>0C4A98F5305567B2C2A25B8C</key>
		<dict>
			<key>fileEncoding</key>
			<string>4</string>
			<key>isa</key>
			<string>PBXFileReference</string>
			<key>lastKnownFileType</key>
			<string>wrapper.framework</string>
			<key>name</key>
			<string>MobileCoreServices.framework</string>
			<key>path</key>
			<string>System/Library/Frameworks/MobileCoreServices.framework</string>
			<key>sourceTree</key>
			<string>SDKROOT</string>
		</dict>
		<key>0D966BBACEE1466D7C6C6822</key>
		<dict>
			<key>fileRef</key>
			<string>33755CE7A1C21BC2AE5CFD28</string>
			<key>isa</key>
			<string>PBXBuildFile</string>
		</dict>
		<key>134D1F01510AAEC600EC0A80</key>
		<dict>
			<key>fileEncoding</key>
			<string>4</string>
			<key>isa</key>
			<string>PBXFileReference</string>
			<key>lastKnownFileType</key>
			<string>archive.ar</string>
			<key>name</key>
			<string>libz.tbd</string>
			<key>path</key>
			<string>usr/lib/libz.tbd</string>
			<key>sourceTree</key>
			<string>SDKROOT</string>
		</dict>
		<key>1A42C222652A4BD6D8C9804B</key>
		<dict>
			<key>fileRef</key>
			<string>DD38A1062919D94B21C2B5AA</string>
			<key>isa</key>
			<string>PBXBuildFile</string>
		</dict>
		<key>24940B2BF36265842A465410</key>
		<dict>
			<key>fileRef</key>
			<string>CE45CC81E6ADA3461872C82D</string>
			<key>isa</key>
			<string>PBXBuildFile</string>
		</dict>
		<key>2616F083DA5C3B3D5AF223C3</key>
		<dict>
			<key>fileEncoding</key>
			<string>4</string>
			<key>isa</key>
			<string>PBXFileReference</string>
			<key>lastKnownFileType</key>
			<string>wrapper.cfbundle</string>
			<key>name</key>
			<string>uexXmlHttpMgr.bundle</string>
			<key>path</key>
			<string>uexXmlHttpMgr/uexXmlHttpMgr.bundle</string>
			<key>sourceTree</key>
			<string>&lt;group&gt;</string>
		</dict>
		<key>33755CE7A1C21BC2AE5CFD28</key>
		<dict>
			<key>fileEncoding</key>
			<string>4</string>
			<key>isa</key>
			<string>PBXFileReference</string>
			<key>lastKnownFileType</key>
			<string>wrapper.framework</string>
			<key>name</key>
			<string>AudioToolbox.framework</string>
			<key>path</key>
			<string>System/Library/Frameworks/AudioToolbox.framework</string>
			<key>sourceTree</key>
			<string>SDKROOT</string>
		</dict>
		<key>339E520A3B62909B4373D0E9</key>
		<dict>
			<key>fileRef</key>
			<string>EE40CCFED742FCEB89BBBC64</string>
			<key>isa</key>
			<string>PBXBuildFile</string>
		</dict>
		<key>362B757A6A1B9BD036C95FBE</key>
		<dict>
			<key>fileRef</key>
			<string>134D1F01510AAEC600EC0A80</string>
			<key>isa</key>
			<string>PBXBuildFile</string>
		</dict>
		<key>39B9BAC6BAC06621187BF7AA</key>
		<dict>
			<key>fileRef</key>
			<string>82EE8B91B71FC7F8731D6078</string>
			<key>isa</key>
			<string>PBXBuildFile</string>
		</dict>
		<key>3C1AD5841BD5F39A0091D2A1</key>
		<dict>
			<key>buildActionMask</key>
			<string>2147483647</string>
			<key>files</key>
			<array/>
			<key>isa</key>
			<string>PBXSourcesBuildPhase</string>
			<key>runOnlyForDeploymentPostprocessing</key>
			<string>0</string>
		</dict>
		<key>3C1AD5851BD5F39A0091D2A1</key>
		<dict>
			<key>buildActionMask</key>
			<string>2147483647</string>
			<key>files</key>
			<array/>
			<key>isa</key>
			<string>PBXFrameworksBuildPhase</string>
			<key>runOnlyForDeploymentPostprocessing</key>
			<string>0</string>
		</dict>
		<key>3C1AD5861BD5F39A0091D2A1</key>
		<dict>
			<key>buildActionMask</key>
			<string>2147483647</string>
			<key>files</key>
			<array>
				<string>3C1C09D01BE062FE00571E72</string>
			</array>
			<key>isa</key>
			<string>PBXResourcesBuildPhase</string>
			<key>runOnlyForDeploymentPostprocessing</key>
			<string>0</string>
		</dict>
		<key>3C1AD5871BD5F39A0091D2A1</key>
		<dict>
			<key>buildConfigurationList</key>
			<string>3C1AD58D1BD5F39A0091D2A1</string>
			<key>buildPhases</key>
			<array>
				<string>3C1AD5841BD5F39A0091D2A1</string>
				<string>3C1AD5851BD5F39A0091D2A1</string>
				<string>3C1AD5861BD5F39A0091D2A1</string>
			</array>
			<key>buildRules</key>
			<array/>
			<key>dependencies</key>
			<array/>
			<key>isa</key>
			<string>PBXNativeTarget</string>
			<key>name</key>
			<string>uexXmlHttpMgrBundle</string>
			<key>productName</key>
			<string>uexXmlHttpMgrBundle</string>
			<key>productReference</key>
			<string>3C1AD5881BD5F39A0091D2A1</string>
			<key>productType</key>
			<string>com.apple.product-type.bundle</string>
		</dict>
		<key>3C1AD5881BD5F39A0091D2A1</key>
		<dict>
			<key>explicitFileType</key>
			<string>wrapper.cfbundle</string>
			<key>includeInIndex</key>
			<string>0</string>
			<key>isa</key>
			<string>PBXFileReference</string>
			<key>path</key>
			<string>uexXmlHttpMgr.bundle</string>
			<key>sourceTree</key>
			<string>BUILT_PRODUCTS_DIR</string>
		</dict>
		<key>3C1AD5891BD5F39A0091D2A1</key>
		<dict>
			<key>children</key>
			<array>
				<string>3C1C09D21BE062FE00571E72</string>
			</array>
			<key>isa</key>
			<string>PBXGroup</string>
			<key>path</key>
			<string>uexXmlHttpMgrBundle</string>
			<key>sourceTree</key>
			<string>&lt;group&gt;</string>
		</dict>
		<key>3C1AD58B1BD5F39A0091D2A1</key>
		<dict>
			<key>buildSettings</key>
			<dict>
				<key>CLANG_WARN_UNREACHABLE_CODE</key>
				<string>YES</string>
				<key>COMBINE_HIDPI_IMAGES</key>
				<string>YES</string>
				<key>DEBUG_INFORMATION_FORMAT</key>
				<string>dwarf</string>
				<key>ENABLE_STRICT_OBJC_MSGSEND</key>
				<string>YES</string>
				<key>ENABLE_TESTABILITY</key>
				<string>YES</string>
				<key>GCC_NO_COMMON_BLOCKS</key>
				<string>YES</string>
				<key>GCC_WARN_UNINITIALIZED_AUTOS</key>
				<string>YES_AGGRESSIVE</string>
				<key>INFOPLIST_FILE</key>
				<string></string>
				<key>INSTALL_PATH</key>
				<string>$(LOCAL_LIBRARY_DIR)/Bundles</string>
				<key>MACOSX_DEPLOYMENT_TARGET</key>
				<string>10.10</string>
				<key>MTL_ENABLE_DEBUG_INFO</key>
				<string>YES</string>
				<key>ONLY_ACTIVE_ARCH</key>
				<string>YES</string>
				<key>PRODUCT_BUNDLE_IDENTIFIER</key>
				<string>com.zywx.uexXmlHttpMgrBundle</string>
				<key>PRODUCT_MODULE_NAME</key>
				<string>uexXmlHttpMgr</string>
				<key>PRODUCT_NAME</key>
				<string>uexXmlHttpMgr</string>
				<key>SDKROOT</key>
				<string>macosx</string>
				<key>SKIP_INSTALL</key>
				<string>YES</string>
				<key>WRAPPER_EXTENSION</key>
				<string>bundle</string>
			</dict>
			<key>isa</key>
			<string>XCBuildConfiguration</string>
			<key>name</key>
			<string>Debug</string>
		</dict>
		<key>3C1AD58C1BD5F39A0091D2A1</key>
		<dict>
			<key>buildSettings</key>
			<dict>
				<key>CLANG_WARN_UNREACHABLE_CODE</key>
				<string>YES</string>
				<key>COMBINE_HIDPI_IMAGES</key>
				<string>YES</string>
				<key>COPY_PHASE_STRIP</key>
				<string>NO</string>
				<key>DEBUG_INFORMATION_FORMAT</key>
				<string>dwarf-with-dsym</string>
				<key>ENABLE_STRICT_OBJC_MSGSEND</key>
				<string>YES</string>
				<key>GCC_NO_COMMON_BLOCKS</key>
				<string>YES</string>
				<key>GCC_WARN_UNINITIALIZED_AUTOS</key>
				<string>YES_AGGRESSIVE</string>
				<key>INFOPLIST_FILE</key>
				<string></string>
				<key>INSTALL_PATH</key>
				<string>$(LOCAL_LIBRARY_DIR)/Bundles</string>
				<key>MACOSX_DEPLOYMENT_TARGET</key>
				<string>10.10</string>
				<key>MTL_ENABLE_DEBUG_INFO</key>
				<string>NO</string>
				<key>PRODUCT_BUNDLE_IDENTIFIER</key>
				<string>com.zywx.uexXmlHttpMgrBundle</string>
				<key>PRODUCT_MODULE_NAME</key>
				<string>uexXmlHttpMgr</string>
				<key>PRODUCT_NAME</key>
				<string>uexXmlHttpMgr</string>
				<key>SDKROOT</key>
				<string>macosx</string>
				<key>SKIP_INSTALL</key>
				<string>YES</string>
				<key>WRAPPER_EXTENSION</key>
				<string>bundle</string>
			</dict>
			<key>isa</key>
			<string>XCBuildConfiguration</string>
			<key>name</key>
			<string>Release</string>
		</dict>
		<key>3C1AD58D1BD5F39A0091D2A1</key>
		<dict>
			<key>buildConfigurations</key>
			<array>
				<string>3C1AD58B1BD5F39A0091D2A1</string>
				<string>3C1AD58C1BD5F39A0091D2A1</string>
			</array>
			<key>defaultConfigurationIsVisible</key>
			<string>0</string>
			<key>defaultConfigurationName</key>
			<string>Release</string>
			<key>isa</key>
			<string>XCConfigurationList</string>
		</dict>
		<key>3C1AD58E1BD5F3CE0091D2A1</key>
		<dict>
			<key>containerPortal</key>
			<string>034BF53418B2EAED0074D5B7</string>
			<key>isa</key>
			<string>PBXContainerItemProxy</string>
			<key>proxyType</key>
			<string>1</string>
			<key>remoteGlobalIDString</key>
			<string>3C1AD5871BD5F39A0091D2A1</string>
			<key>remoteInfo</key>
			<string>uexXmlHttpMgrBundle</string>
		</dict>
		<key>3C1AD58F1BD5F3CE0091D2A1</key>
		<dict>
			<key>isa</key>
			<string>PBXTargetDependency</string>
			<key>target</key>
			<string>3C1AD5871BD5F39A0091D2A1</string>
			<key>targetProxy</key>
			<string>3C1AD58E1BD5F3CE0091D2A1</string>
		</dict>
		<key>3C1C09D01BE062FE00571E72</key>
		<dict>
			<key>fileRef</key>
			<string>3C1C09D21BE062FE00571E72</string>
			<key>isa</key>
			<string>PBXBuildFile</string>
		</dict>
		<key>3C1C09D11BE062FE00571E72</key>
		<dict>
			<key>isa</key>
			<string>PBXFileReference</string>
			<key>lastKnownFileType</key>
			<string>text.plist.strings</string>
			<key>name</key>
			<string>en</string>
			<key>path</key>
			<string>en.lproj/Localizable.strings</string>
			<key>sourceTree</key>
			<string>&lt;group&gt;</string>
		</dict>
		<key>3C1C09D21BE062FE00571E72</key>
		<dict>
			<key>children</key>
			<array>
				<string>3C1C09D11BE062FE00571E72</string>
				<string>3C1C09D31BE062FF00571E72</string>
			</array>
			<key>isa</key>
			<string>PBXVariantGroup</string>
			<key>name</key>
			<string>Localizable.strings</string>
			<key>sourceTree</key>
			<string>&lt;group&gt;</string>
		</dict>
		<key>3C1C09D31BE062FF00571E72</key>
		<dict>
			<key>isa</key>
			<string>PBXFileReference</string>
			<key>lastKnownFileType</key>
			<string>text.plist.strings</string>
			<key>name</key>
			<string>zh-Hans</string>
			<key>path</key>
			<string>zh-Hans.lproj/Localizable.strings</string>
			<key>sourceTree</key>
			<string>&lt;group&gt;</string>
		</dict>
		<key>3D42DB7A0ECD23B33A197D01</key>
		<dict>
			<key>fileRef</key>
			<string>0633E0A463C73AD813633C47</string>
			<key>isa</key>
			<string>PBXBuildFile</string>
		</dict>
		<key>417877FFD7891534B107B3DF</key>
		<dict>
			<key>fileRef</key>
			<string>0C4A98F5305567B2C2A25B8C</string>
			<key>isa</key>
			<string>PBXBuildFile</string>
		</dict>
		<key>421D353B1D123D6C002C5817</key>
		<dict>
			<key>fileEncoding</key>
			<string>4</string>
			<key>isa</key>
			<string>PBXFileReference</string>
			<key>lastKnownFileType</key>
			<string>sourcecode.c.h</string>
			<key>path</key>
			<string>BUtility.h</string>
			<key>sourceTree</key>
			<string>&lt;group&gt;</string>
		</dict>
		<key>421D353C1D123D77002C5817</key>
		<dict>
			<key>fileEncoding</key>
			<string>4</string>
			<key>isa</key>
			<string>PBXFileReference</string>
			<key>lastKnownFileType</key>
			<string>sourcecode.c.h</string>
			<key>path</key>
			<string>WidgetOneDelegate.h</string>
			<key>sourceTree</key>
			<string>&lt;group&gt;</string>
		</dict>
		<key>4229D9A51D06B279003F7E51</key>
		<dict>
			<key>fileRef</key>
			<string>4229D9A41D06B279003F7E51</string>
			<key>isa</key>
			<string>PBXBuildFile</string>
		</dict>
		<key>42C67DD31CF2CF5400D2DF23</key>
		<dict>
			<key>fileEncoding</key>
			<string>4</string>
			<key>isa</key>
			<string>PBXFileReference</string>
			<key>lastKnownFileType</key>
			<string>sourcecode.c.h</string>
			<key>path</key>
			<string>uexXmlHttpFormFile.h</string>
			<key>sourceTree</key>
			<string>&lt;group&gt;</string>
		</dict>
		<key>42C67DD41CF2CF5400D2DF23</key>
		<dict>
			<key>fileEncoding</key>
			<string>4</string>
			<key>isa</key>
			<string>PBXFileReference</string>
			<key>lastKnownFileType</key>
			<string>sourcecode.c.objc</string>
			<key>path</key>
			<string>uexXmlHttpFormFile.m</string>
			<key>sourceTree</key>
			<string>&lt;group&gt;</string>
		</dict>
		<key>42C67DD51CF2CF5400D2DF23</key>
		<dict>
			<key>fileRef</key>
			<string>42C67DD41CF2CF5400D2DF23</string>
			<key>isa</key>
			<string>PBXBuildFile</string>
		</dict>
		<key>42C67DD61CF2ED2E00D2DF23</key>
		<dict>
			<key>fileRef</key>
			<string>42F7EF7D1CEEE9F9009F14AF</string>
			<key>isa</key>
			<string>PBXBuildFile</string>
		</dict>
		<key>42F7EF0D1CEEC719009F14AF</key>
		<dict>
			<key>children</key>
			<array>
				<string>421D353C1D123D77002C5817</string>
				<string>421D353B1D123D6C002C5817</string>
			</array>
			<key>isa</key>
			<string>PBXGroup</string>
			<key>path</key>
			<string>engineHeader</string>
			<key>sourceTree</key>
			<string>&lt;group&gt;</string>
		</dict>
		<key>42F7EF181CEEC719009F14AF</key>
		<dict>
			<key>children</key>
			<array>
				<string>42F7EF7D1CEEE9F9009F14AF</string>
				<string>42F7EF321CEEC719009F14AF</string>
				<string>42F7EF4F1CEEC77C009F14AF</string>
				<string>42F7EF501CEEC77C009F14AF</string>
				<string>42F7EF6B1CEEE4A4009F14AF</string>
				<string>42F7EF6C1CEEE4A4009F14AF</string>
				<string>42F7EF6E1CEEE4D3009F14AF</string>
				<string>42F7EF6F1CEEE4D3009F14AF</string>
				<string>42F7EF551CEECA04009F14AF</string>
				<string>42F7EF561CEECA04009F14AF</string>
				<string>42C67DD31CF2CF5400D2DF23</string>
				<string>42C67DD41CF2CF5400D2DF23</string>
				<string>42F7EF681CEEDCA8009F14AF</string>
				<string>42F7EF691CEEDCA8009F14AF</string>
			</array>
			<key>isa</key>
			<string>PBXGroup</string>
			<key>path</key>
			<string>sourceCode</string>
			<key>sourceTree</key>
			<string>&lt;group&gt;</string>
		</dict>
		<key>42F7EF321CEEC719009F14AF</key>
		<dict>
			<key>children</key>
			<array>
				<string>42F7EF331CEEC719009F14AF</string>
				<string>42F7EF341CEEC719009F14AF</string>
				<string>42F7EF351CEEC719009F14AF</string>
				<string>42F7EF361CEEC719009F14AF</string>
				<string>42F7EF371CEEC719009F14AF</string>
				<string>42F7EF381CEEC719009F14AF</string>
				<string>42F7EF391CEEC719009F14AF</string>
				<string>42F7EF3A1CEEC719009F14AF</string>
				<string>42F7EF3B1CEEC719009F14AF</string>
			</array>
			<key>isa</key>
			<string>PBXGroup</string>
			<key>path</key>
			<string>JSON</string>
			<key>sourceTree</key>
			<string>&lt;group&gt;</string>
		</dict>
		<key>42F7EF331CEEC719009F14AF</key>
		<dict>
			<key>fileEncoding</key>
			<string>4</string>
			<key>isa</key>
			<string>PBXFileReference</string>
			<key>lastKnownFileType</key>
			<string>sourcecode.c.h</string>
			<key>path</key>
			<string>JSON.h</string>
			<key>sourceTree</key>
			<string>&lt;group&gt;</string>
		</dict>
		<key>42F7EF341CEEC719009F14AF</key>
		<dict>
			<key>fileEncoding</key>
			<string>4</string>
			<key>isa</key>
			<string>PBXFileReference</string>
			<key>lastKnownFileType</key>
			<string>sourcecode.c.h</string>
			<key>path</key>
			<string>JSONParser.h</string>
			<key>sourceTree</key>
			<string>&lt;group&gt;</string>
		</dict>
		<key>42F7EF351CEEC719009F14AF</key>
		<dict>
			<key>fileEncoding</key>
			<string>4</string>
			<key>isa</key>
			<string>PBXFileReference</string>
			<key>lastKnownFileType</key>
			<string>sourcecode.c.h</string>
			<key>path</key>
			<string>MD5Digest.h</string>
			<key>sourceTree</key>
			<string>&lt;group&gt;</string>
		</dict>
		<key>42F7EF361CEEC719009F14AF</key>
		<dict>
			<key>fileEncoding</key>
			<string>4</string>
			<key>isa</key>
			<string>PBXFileReference</string>
			<key>lastKnownFileType</key>
			<string>sourcecode.c.h</string>
			<key>path</key>
			<string>NSObject+SBJSON.h</string>
			<key>sourceTree</key>
			<string>&lt;group&gt;</string>
		</dict>
		<key>42F7EF371CEEC719009F14AF</key>
		<dict>
			<key>fileEncoding</key>
			<string>4</string>
			<key>isa</key>
			<string>PBXFileReference</string>
			<key>lastKnownFileType</key>
			<string>sourcecode.c.h</string>
			<key>path</key>
			<string>NSString+SBJSON.h</string>
			<key>sourceTree</key>
			<string>&lt;group&gt;</string>
		</dict>
		<key>42F7EF381CEEC719009F14AF</key>
		<dict>
			<key>fileEncoding</key>
			<string>4</string>
			<key>isa</key>
			<string>PBXFileReference</string>
			<key>lastKnownFileType</key>
			<string>sourcecode.c.h</string>
			<key>path</key>
			<string>SBJSON.h</string>
			<key>sourceTree</key>
			<string>&lt;group&gt;</string>
		</dict>
		<key>42F7EF391CEEC719009F14AF</key>
		<dict>
			<key>fileEncoding</key>
			<string>4</string>
			<key>isa</key>
			<string>PBXFileReference</string>
			<key>lastKnownFileType</key>
			<string>sourcecode.c.h</string>
			<key>path</key>
			<string>SBJsonBase.h</string>
			<key>sourceTree</key>
			<string>&lt;group&gt;</string>
		</dict>
		<key>42F7EF3A1CEEC719009F14AF</key>
		<dict>
			<key>fileEncoding</key>
			<string>4</string>
			<key>isa</key>
			<string>PBXFileReference</string>
			<key>lastKnownFileType</key>
			<string>sourcecode.c.h</string>
			<key>path</key>
			<string>SBJsonParser.h</string>
			<key>sourceTree</key>
			<string>&lt;group&gt;</string>
		</dict>
		<key>42F7EF3B1CEEC719009F14AF</key>
		<dict>
			<key>fileEncoding</key>
			<string>4</string>
			<key>isa</key>
			<string>PBXFileReference</string>
			<key>lastKnownFileType</key>
			<string>sourcecode.c.h</string>
			<key>path</key>
			<string>SBJsonWriter.h</string>
			<key>sourceTree</key>
			<string>&lt;group&gt;</string>
		</dict>
		<key>42F7EF4C1CEEC748009F14AF</key>
		<dict>
			<key>fileEncoding</key>
			<string>4</string>
			<key>isa</key>
			<string>PBXFileReference</string>
			<key>lastKnownFileType</key>
			<string>sourcecode.c.h</string>
			<key>path</key>
			<string>EUExXmlHttpMgr.h</string>
			<key>sourceTree</key>
			<string>&lt;group&gt;</string>
		</dict>
		<key>42F7EF4D1CEEC748009F14AF</key>
		<dict>
			<key>fileEncoding</key>
			<string>4</string>
			<key>isa</key>
			<string>PBXFileReference</string>
			<key>lastKnownFileType</key>
			<string>sourcecode.c.objc</string>
			<key>path</key>
			<string>EUExXmlHttpMgr.m</string>
			<key>sourceTree</key>
			<string>&lt;group&gt;</string>
		</dict>
		<key>42F7EF4E1CEEC748009F14AF</key>
		<dict>
			<key>fileRef</key>
			<string>42F7EF4D1CEEC748009F14AF</string>
			<key>isa</key>
			<string>PBXBuildFile</string>
		</dict>
		<key>42F7EF4F1CEEC77C009F14AF</key>
		<dict>
			<key>fileEncoding</key>
			<string>4</string>
			<key>isa</key>
			<string>PBXFileReference</string>
			<key>lastKnownFileType</key>
			<string>sourcecode.c.h</string>
			<key>path</key>
			<string>uexXmlHttpRequest.h</string>
			<key>sourceTree</key>
			<string>&lt;group&gt;</string>
		</dict>
		<key>42F7EF501CEEC77C009F14AF</key>
		<dict>
			<key>fileEncoding</key>
			<string>4</string>
			<key>isa</key>
			<string>PBXFileReference</string>
			<key>lastKnownFileType</key>
			<string>sourcecode.c.objc</string>
			<key>path</key>
			<string>uexXmlHttpRequest.m</string>
			<key>sourceTree</key>
			<string>&lt;group&gt;</string>
		</dict>
		<key>42F7EF511CEEC77C009F14AF</key>
		<dict>
			<key>fileRef</key>
			<string>42F7EF501CEEC77C009F14AF</string>
			<key>isa</key>
			<string>PBXBuildFile</string>
		</dict>
		<key>42F7EF551CEECA04009F14AF</key>
		<dict>
			<key>fileEncoding</key>
			<string>4</string>
			<key>isa</key>
			<string>PBXFileReference</string>
			<key>lastKnownFileType</key>
			<string>sourcecode.c.h</string>
			<key>path</key>
			<string>uexXmlHttpHelper.h</string>
			<key>sourceTree</key>
			<string>&lt;group&gt;</string>
		</dict>
		<key>42F7EF561CEECA04009F14AF</key>
		<dict>
			<key>fileEncoding</key>
			<string>4</string>
			<key>isa</key>
			<string>PBXFileReference</string>
			<key>lastKnownFileType</key>
			<string>sourcecode.c.objc</string>
			<key>path</key>
			<string>uexXmlHttpHelper.m</string>
			<key>sourceTree</key>
			<string>&lt;group&gt;</string>
		</dict>
		<key>42F7EF571CEECA04009F14AF</key>
		<dict>
			<key>fileRef</key>
			<string>42F7EF561CEECA04009F14AF</string>
			<key>isa</key>
			<string>PBXBuildFile</string>
		</dict>
		<key>42F7EF681CEEDCA8009F14AF</key>
		<dict>
			<key>fileEncoding</key>
			<string>4</string>
			<key>isa</key>
			<string>PBXFileReference</string>
			<key>lastKnownFileType</key>
			<string>sourcecode.c.h</string>
			<key>path</key>
			<string>uexXmlHttpAuthentication.h</string>
			<key>sourceTree</key>
			<string>&lt;group&gt;</string>
		</dict>
		<key>42F7EF691CEEDCA8009F14AF</key>
		<dict>
			<key>fileEncoding</key>
			<string>4</string>
			<key>isa</key>
			<string>PBXFileReference</string>
			<key>lastKnownFileType</key>
			<string>sourcecode.c.objc</string>
			<key>path</key>
			<string>uexXmlHttpAuthentication.m</string>
			<key>sourceTree</key>
			<string>&lt;group&gt;</string>
		</dict>
		<key>42F7EF6A1CEEDCA8009F14AF</key>
		<dict>
			<key>fileRef</key>
			<string>42F7EF691CEEDCA8009F14AF</string>
			<key>isa</key>
			<string>PBXBuildFile</string>
		</dict>
		<key>42F7EF6B1CEEE4A4009F14AF</key>
		<dict>
			<key>fileEncoding</key>
			<string>4</string>
			<key>isa</key>
			<string>PBXFileReference</string>
			<key>lastKnownFileType</key>
			<string>sourcecode.c.h</string>
			<key>path</key>
			<string>uexXmlHttpPOSTRequest.h</string>
			<key>sourceTree</key>
			<string>&lt;group&gt;</string>
		</dict>
		<key>42F7EF6C1CEEE4A4009F14AF</key>
		<dict>
			<key>fileEncoding</key>
			<string>4</string>
			<key>isa</key>
			<string>PBXFileReference</string>
			<key>lastKnownFileType</key>
			<string>sourcecode.c.objc</string>
			<key>path</key>
			<string>uexXmlHttpPOSTRequest.m</string>
			<key>sourceTree</key>
			<string>&lt;group&gt;</string>
		</dict>
		<key>42F7EF6D1CEEE4A4009F14AF</key>
		<dict>
			<key>fileRef</key>
			<string>42F7EF6C1CEEE4A4009F14AF</string>
			<key>isa</key>
			<string>PBXBuildFile</string>
		</dict>
		<key>42F7EF6E1CEEE4D3009F14AF</key>
		<dict>
			<key>fileEncoding</key>
			<string>4</string>
			<key>isa</key>
			<string>PBXFileReference</string>
			<key>lastKnownFileType</key>
			<string>sourcecode.c.h</string>
			<key>path</key>
			<string>uexXmlHttpGETRequest.h</string>
			<key>sourceTree</key>
			<string>&lt;group&gt;</string>
		</dict>
		<key>42F7EF6F1CEEE4D3009F14AF</key>
		<dict>
			<key>fileEncoding</key>
			<string>4</string>
			<key>isa</key>
			<string>PBXFileReference</string>
			<key>lastKnownFileType</key>
			<string>sourcecode.c.objc</string>
			<key>path</key>
			<string>uexXmlHttpGETRequest.m</string>
			<key>sourceTree</key>
			<string>&lt;group&gt;</string>
		</dict>
		<key>42F7EF701CEEE4D3009F14AF</key>
		<dict>
			<key>fileRef</key>
			<string>42F7EF6F1CEEE4D3009F14AF</string>
			<key>isa</key>
			<string>PBXBuildFile</string>
		</dict>
		<key>42F7EF7D1CEEE9F9009F14AF</key>
		<dict>
			<key>isa</key>
			<string>PBXFileReference</string>
			<key>lastKnownFileType</key>
			<string>wrapper.framework</string>
			<key>path</key>
			<string>AFNetworking.framework</string>
			<key>sourceTree</key>
			<string>&lt;group&gt;</string>
		</dict>
		<key>42F7EF7E1CEEE9F9009F14AF</key>
		<dict>
			<key>fileRef</key>
			<string>42F7EF7D1CEEE9F9009F14AF</string>
			<key>isa</key>
			<string>PBXBuildFile</string>
		</dict>
		<key>43D69371350159EAC465BE84</key>
		<dict>
			<key>fileRef</key>
			<string>CF763565F6CDE9ACE3D0C473</string>
			<key>isa</key>
			<string>PBXBuildFile</string>
		</dict>
		<key>4CC96617864401C8F9BCE245</key>
		<dict>
			<key>fileRef</key>
			<string>2616F083DA5C3B3D5AF223C3</string>
			<key>isa</key>
			<string>PBXBuildFile</string>
		</dict>
		<key>54115FB78DE8A8F9C7060899</key>
		<dict>
			<key>children</key>
			<array>
				<string>E056650ADE2BCA97479DEF6C</string>
				<string>33755CE7A1C21BC2AE5CFD28</string>
				<string>CF763565F6CDE9ACE3D0C473</string>
				<string>CE45CC81E6ADA3461872C82D</string>
				<string>AF2BFE8DE46F29BADC6B5411</string>
				<string>0C4A98F5305567B2C2A25B8C</string>
				<string>0633E0A463C73AD813633C47</string>
				<string>82EE8B91B71FC7F8731D6078</string>
				<string>DD38A1062919D94B21C2B5AA</string>
				<string>020CC0055CD6E5FF84D28239</string>
				<string>F7EBB37EF26109F7201FC547</string>
				<string>EE40CCFED742FCEB89BBBC64</string>
				<string>134D1F01510AAEC600EC0A80</string>
			</array>
			<key>isa</key>
			<string>PBXGroup</string>
			<key>path</key>
			<string>IDE-Frameworks</string>
			<key>sourceTree</key>
			<string>&lt;group&gt;</string>
		</dict>
		<key>56AB9787098411EBBDB48628</key>
		<dict>
			<key>fileRef</key>
			<string>020CC0055CD6E5FF84D28239</string>
			<key>isa</key>
			<string>PBXBuildFile</string>
		</dict>
		<key>5CD6A567D6ABF9AE86ED0B0C</key>
		<dict>
			<key>fileRef</key>
			<string>F7EBB37EF26109F7201FC547</string>
			<key>isa</key>
			<string>PBXBuildFile</string>
		</dict>
		<key>643D815C7E99E5FC6E00AA7D</key>
		<dict>
			<key>fileEncoding</key>
			<string>4</string>
			<key>isa</key>
			<string>PBXFileReference</string>
			<key>lastKnownFileType</key>
			<string>text.plist.strings</string>
			<key>name</key>
			<string>info.plist</string>
			<key>path</key>
			<string>../../../AppCanPluginTools-iOS/resource/IDEPluginProjectPackageResource/info.plist</string>
			<key>sourceTree</key>
			<string>&lt;group&gt;</string>
		</dict>
		<key>82EE8B91B71FC7F8731D6078</key>
		<dict>
			<key>fileEncoding</key>
			<string>4</string>
			<key>isa</key>
			<string>PBXFileReference</string>
			<key>lastKnownFileType</key>
			<string>wrapper.framework</string>
			<key>name</key>
			<string>CoreGraphics.framework</string>
			<key>path</key>
			<string>System/Library/Frameworks/CoreGraphics.framework</string>
			<key>sourceTree</key>
			<string>SDKROOT</string>
		</dict>
		<key>91ED9C4F7CFC0B1C06469912</key>
		<dict>
			<key>fileRef</key>
			<string>2616F083DA5C3B3D5AF223C3</string>
			<key>isa</key>
			<string>PBXBuildFile</string>
		</dict>
		<key>962BA9D5E9CBEBAF9AD7E434</key>
		<dict>
			<key>children</key>
			<array>
				<string>CF02655C1E64BFB0BB194655</string>
				<string>643D815C7E99E5FC6E00AA7D</string>
			</array>
			<key>isa</key>
			<string>PBXGroup</string>
			<key>path</key>
			<string>AppCanEngine</string>
			<key>sourceTree</key>
			<string>&lt;group&gt;</string>
		</dict>
		<key>AF2BFE8DE46F29BADC6B5411</key>
		<dict>
			<key>fileEncoding</key>
			<string>4</string>
			<key>isa</key>
			<string>PBXFileReference</string>
			<key>lastKnownFileType</key>
			<string>wrapper.framework</string>
			<key>name</key>
			<string>CFNetWork.framework</string>
			<key>path</key>
			<string>System/Library/Frameworks/CFNetWork.framework</string>
			<key>sourceTree</key>
			<string>SDKROOT</string>
		</dict>
		<key>CE45CC81E6ADA3461872C82D</key>
		<dict>
			<key>fileEncoding</key>
			<string>4</string>
			<key>isa</key>
			<string>PBXFileReference</string>
			<key>lastKnownFileType</key>
			<string>wrapper.framework</string>
			<key>name</key>
			<string>ImageIO.framework</string>
			<key>path</key>
			<string>System/Library/Frameworks/ImageIO.framework</string>
			<key>sourceTree</key>
			<string>SDKROOT</string>
		</dict>
		<key>CF02655C1E64BFB0BB194655</key>
		<dict>
			<key>fileEncoding</key>
			<string>4</string>
			<key>isa</key>
			<string>PBXFileReference</string>
			<key>lastKnownFileType</key>
			<string>wrapper.framework</string>
			<key>name</key>
			<string>AppCanEngine.framework</string>
			<key>path</key>
			<string>../../../AppCanPluginTools-iOS/resource/IDEPluginProjectPackageResource/AppCanEngine.framework</string>
			<key>sourceTree</key>
			<string>&lt;group&gt;</string>
		</dict>
		<key>CF763565F6CDE9ACE3D0C473</key>
		<dict>
			<key>fileEncoding</key>
			<string>4</string>
			<key>isa</key>
			<string>PBXFileReference</string>
			<key>lastKnownFileType</key>
			<string>wrapper.framework</string>
			<key>name</key>
			<string>SystemConfiguration.framework</string>
			<key>path</key>
			<string>System/Library/Frameworks/SystemConfiguration.framework</string>
			<key>sourceTree</key>
			<string>SDKROOT</string>
		</dict>
		<key>DD38A1062919D94B21C2B5AA</key>
		<dict>
			<key>fileEncoding</key>
			<string>4</string>
			<key>isa</key>
			<string>PBXFileReference</string>
			<key>lastKnownFileType</key>
			<string>wrapper.framework</string>
			<key>name</key>
			<string>QuartzCore.framework</string>
			<key>path</key>
			<string>System/Library/Frameworks/QuartzCore.framework</string>
			<key>sourceTree</key>
			<string>SDKROOT</string>
		</dict>
		<key>E056650ADE2BCA97479DEF6C</key>
		<dict>
			<key>fileEncoding</key>
			<string>4</string>
			<key>isa</key>
			<string>PBXFileReference</string>
			<key>lastKnownFileType</key>
			<string>wrapper.framework</string>
			<key>name</key>
			<string>MapKit.framework</string>
			<key>path</key>
			<string>System/Library/Frameworks/MapKit.framework</string>
			<key>sourceTree</key>
			<string>SDKROOT</string>
		</dict>
		<key>E17CC03C0A6AFE4ECA9BCE02</key>
		<dict>
			<key>fileRef</key>
			<string>CF02655C1E64BFB0BB194655</string>
			<key>isa</key>
			<string>PBXBuildFile</string>
		</dict>
		<key>EE40CCFED742FCEB89BBBC64</key>
		<dict>
			<key>fileEncoding</key>
			<string>4</string>
			<key>isa</key>
			<string>PBXFileReference</string>
			<key>lastKnownFileType</key>
			<string>archive.ar</string>
			<key>name</key>
			<string>libsqlite3.tbd</string>
			<key>path</key>
			<string>usr/lib/libsqlite3.tbd</string>
			<key>sourceTree</key>
			<string>SDKROOT</string>
		</dict>
		<key>F17DF539600E0062A392BC10</key>
		<dict>
			<key>fileRef</key>
			<string>AF2BFE8DE46F29BADC6B5411</string>
			<key>isa</key>
			<string>PBXBuildFile</string>
		</dict>
		<key>F37543A6CBA567384EEFF418</key>
		<dict>
			<key>fileRef</key>
			<string>E056650ADE2BCA97479DEF6C</string>
			<key>isa</key>
			<string>PBXBuildFile</string>
		</dict>
		<key>F5B93E2B148F678C962F8D8A</key>
		<dict>
			<key>buildActionMask</key>
			<string>2147483647</string>
			<key>files</key>
			<array>
				<string>4CC96617864401C8F9BCE245</string>
			</array>
			<key>isa</key>
			<string>PBXResourcesBuildPhase</string>
			<key>runOnlyForDeploymentPostprocessing</key>
			<string>0</string>
		</dict>
		<key>F7EBB37EF26109F7201FC547</key>
		<dict>
			<key>fileEncoding</key>
			<string>4</string>
			<key>isa</key>
			<string>PBXFileReference</string>
			<key>lastKnownFileType</key>
			<string>archive.ar</string>
			<key>name</key>
			<string>libstdc++.tbd</string>
			<key>path</key>
			<string>usr/lib/libstdc++.tbd</string>
			<key>sourceTree</key>
			<string>SDKROOT</string>
		</dict>
	</dict>
	<key>rootObject</key>
	<string>034BF53418B2EAED0074D5B7</string>
</dict>
</plist>
